{
  "requires": true,
  "lockfileVersion": 1,
  "dependencies": {
    "marked": {
      "version": "2.0.3",
      "resolved": "https://registry.npmjs.org/marked/-/marked-2.0.3.tgz",
      "integrity": "sha512-5otztIIcJfPc2qGTN8cVtOJEjNJZ0jwa46INMagrYfk0EvqtRuEHLsEe0LrFS0/q+ZRKT0+kXK7P2T1AN5lWRA=="
    }
  }
}
